// !$*UTF8*$!
{
	archiveVersion = 1;
	classes = {
	};
	objectVersion = 55;
	objects = {

/* Begin PBXBuildFile section */
		1243AD732952F00E00A3A6A9 /* AppDelegate.swift in Sources */ = {isa = PBXBuildFile; fileRef = 1243AD722952F00E00A3A6A9 /* AppDelegate.swift */; };
		1243AD752952F00E00A3A6A9 /* SceneDelegate.swift in Sources */ = {isa = PBXBuildFile; fileRef = 1243AD742952F00E00A3A6A9 /* SceneDelegate.swift */; };
		1243AD772952F00E00A3A6A9 /* ViewController.swift in Sources */ = {isa = PBXBuildFile; fileRef = 1243AD762952F00E00A3A6A9 /* ViewController.swift */; };
		1243AD7A2952F00E00A3A6A9 /* Main.storyboard in Resources */ = {isa = PBXBuildFile; fileRef = 1243AD782952F00E00A3A6A9 /* Main.storyboard */; };
		1243AD7D2952F00E00A3A6A9 /* LittleGreen.xcdatamodeld in Sources */ = {isa = PBXBuildFile; fileRef = 1243AD7B2952F00E00A3A6A9 /* LittleGreen.xcdatamodeld */; };
		1243AD7F2952F00F00A3A6A9 /* Assets.xcassets in Resources */ = {isa = PBXBuildFile; fileRef = 1243AD7E2952F00F00A3A6A9 /* Assets.xcassets */; };
		1243AD822952F00F00A3A6A9 /* LaunchScreen.storyboard in Resources */ = {isa = PBXBuildFile; fileRef = 1243AD802952F00F00A3A6A9 /* LaunchScreen.storyboard */; };
		87BCCB2F8313DFCCA7D5F847 /* Pods_LittleGreen.framework in Frameworks */ = {isa = PBXBuildFile; fileRef = 63EC70D8AF85EC4546202B2F /* Pods_LittleGreen.framework */; };
/* End PBXBuildFile section */

/* Begin PBXFileReference section */
		1243AD6F2952F00E00A3A6A9 /* LittleGreen.app */ = {isa = PBXFileReference; explicitFileType = wrapper.application; includeInIndex = 0; path = LittleGreen.app; sourceTree = BUILT_PRODUCTS_DIR; };
		1243AD722952F00E00A3A6A9 /* AppDelegate.swift */ = {isa = PBXFileReference; lastKnownFileType = sourcecode.swift; path = AppDelegate.swift; sourceTree = "<group>"; };
		1243AD742952F00E00A3A6A9 /* SceneDelegate.swift */ = {isa = PBXFileReference; lastKnownFileType = sourcecode.swift; path = SceneDelegate.swift; sourceTree = "<group>"; };
		1243AD762952F00E00A3A6A9 /* ViewController.swift */ = {isa = PBXFileReference; lastKnownFileType = sourcecode.swift; path = ViewController.swift; sourceTree = "<group>"; };
		1243AD792952F00E00A3A6A9 /* Base */ = {isa = PBXFileReference; lastKnownFileType = file.storyboard; name = Base; path = Base.lproj/Main.storyboard; sourceTree = "<group>"; };
		1243AD7C2952F00E00A3A6A9 /* LittleGreen.xcdatamodel */ = {isa = PBXFileReference; lastKnownFileType = wrapper.xcdatamodel; path = LittleGreen.xcdatamodel; sourceTree = "<group>"; };
		1243AD7E2952F00F00A3A6A9 /* Assets.xcassets */ = {isa = PBXFileReference; lastKnownFileType = folder.assetcatalog; path = Assets.xcassets; sourceTree = "<group>"; };
		1243AD812952F00F00A3A6A9 /* Base */ = {isa = PBXFileReference; lastKnownFileType = file.storyboard; name = Base; path = Base.lproj/LaunchScreen.storyboard; sourceTree = "<group>"; };
		1243AD832952F00F00A3A6A9 /* Info.plist */ = {isa = PBXFileReference; lastKnownFileType = text.plist.xml; path = Info.plist; sourceTree = "<group>"; };
		63EC70D8AF85EC4546202B2F /* Pods_LittleGreen.framework */ = {isa = PBXFileReference; explicitFileType = wrapper.framework; includeInIndex = 0; path = Pods_LittleGreen.framework; sourceTree = BUILT_PRODUCTS_DIR; };
		883A5B31F7A680A2D6A3032E /* Pods-LittleGreen.debug.xcconfig */ = {isa = PBXFileReference; includeInIndex = 1; lastKnownFileType = text.xcconfig; name = "Pods-LittleGreen.debug.xcconfig"; path = "Target Support Files/Pods-LittleGreen/Pods-LittleGreen.debug.xcconfig"; sourceTree = "<group>"; };
		D8AF0EF3549A850BC22AE449 /* Pods-LittleGreen.release.xcconfig */ = {isa = PBXFileReference; includeInIndex = 1; lastKnownFileType = text.xcconfig; name = "Pods-LittleGreen.release.xcconfig"; path = "Target Support Files/Pods-LittleGreen/Pods-LittleGreen.release.xcconfig"; sourceTree = "<group>"; };
/* End PBXFileReference section */

/* Begin PBXFrameworksBuildPhase section */
		1243AD6C2952F00E00A3A6A9 /* Frameworks */ = {
			isa = PBXFrameworksBuildPhase;
			buildActionMask = 2147483647;
			files = (
				87BCCB2F8313DFCCA7D5F847 /* Pods_LittleGreen.framework in Frameworks */,
			);
			runOnlyForDeploymentPostprocessing = 0;
		};
/* End PBXFrameworksBuildPhase section */

/* Begin PBXGroup section */
		1243AD662952F00E00A3A6A9 = {
			isa = PBXGroup;
			children = (
				1243AD712952F00E00A3A6A9 /* LittleGreen */,
				1243AD702952F00E00A3A6A9 /* Products */,
				1EB4A1F5C919F1AFA3A24775 /* Pods */,
				31FC45A443BDD0410A1C64FC /* Frameworks */,
			);
			sourceTree = "<group>";
		};
		1243AD702952F00E00A3A6A9 /* Products */ = {
			isa = PBXGroup;
			children = (
				1243AD6F2952F00E00A3A6A9 /* LittleGreen.app */,
			);
			name = Products;
			sourceTree = "<group>";
		};
		1243AD712952F00E00A3A6A9 /* LittleGreen */ = {
			isa = PBXGroup;
			children = (
				1243AD722952F00E00A3A6A9 /* AppDelegate.swift */,
				1243AD742952F00E00A3A6A9 /* SceneDelegate.swift */,
				1243AD762952F00E00A3A6A9 /* ViewController.swift */,
				1243AD782952F00E00A3A6A9 /* Main.storyboard */,
				1243AD7E2952F00F00A3A6A9 /* Assets.xcassets */,
				1243AD802952F00F00A3A6A9 /* LaunchScreen.storyboard */,
				1243AD832952F00F00A3A6A9 /* Info.plist */,
				1243AD7B2952F00E00A3A6A9 /* LittleGreen.xcdatamodeld */,
			);
			path = LittleGreen;
			sourceTree = "<group>";
		};
		1EB4A1F5C919F1AFA3A24775 /* Pods */ = {
			isa = PBXGroup;
			children = (
				883A5B31F7A680A2D6A3032E /* Pods-LittleGreen.debug.xcconfig */,
				D8AF0EF3549A850BC22AE449 /* Pods-LittleGreen.release.xcconfig */,
			);
			name = Pods;
			path = Pods;
			sourceTree = "<group>";
		};
		31FC45A443BDD0410A1C64FC /* Frameworks */ = {
			isa = PBXGroup;
			children = (
				63EC70D8AF85EC4546202B2F /* Pods_LittleGreen.framework */,
			);
			name = Frameworks;
			sourceTree = "<group>";
		};
/* End PBXGroup section */

/* Begin PBXNativeTarget section */
		1243AD6E2952F00E00A3A6A9 /* LittleGreen */ = {
			isa = PBXNativeTarget;
			buildConfigurationList = 1243AD862952F00F00A3A6A9 /* Build configuration list for PBXNativeTarget "LittleGreen" */;
			buildPhases = (
				13760C71AA8849E62D8C4183 /* [CP] Check Pods Manifest.lock */,
				1243AD6B2952F00E00A3A6A9 /* Sources */,
				1243AD6C2952F00E00A3A6A9 /* Frameworks */,
				1243AD6D2952F00E00A3A6A9 /* Resources */,
				F2B8FC89E8B73023F777C8AF /* [CP] Embed Pods Frameworks */,
			);
			buildRules = (
			);
			dependencies = (
			);
			name = LittleGreen;
			productName = LittleGreen;
			productReference = 1243AD6F2952F00E00A3A6A9 /* LittleGreen.app */;
			productType = "com.apple.product-type.application";
		};
/* End PBXNativeTarget section */

/* Begin PBXProject section */
		1243AD672952F00E00A3A6A9 /* Project object */ = {
			isa = PBXProject;
			attributes = {
				BuildIndependentTargetsInParallel = 1;
				LastSwiftUpdateCheck = 1420;
				LastUpgradeCheck = 1420;
				TargetAttributes = {
					1243AD6E2952F00E00A3A6A9 = {
						CreatedOnToolsVersion = 14.2;
					};
				};
			};
			buildConfigurationList = 1243AD6A2952F00E00A3A6A9 /* Build configuration list for PBXProject "LittleGreen" */;
			compatibilityVersion = "Xcode 13.0";
			developmentRegion = en;
			hasScannedForEncodings = 0;
			knownRegions = (
				en,
				Base,
			);
			mainGroup = 1243AD662952F00E00A3A6A9;
			productRefGroup = 1243AD702952F00E00A3A6A9 /* Products */;
			projectDirPath = "";
			projectRoot = "";
			targets = (
				1243AD6E2952F00E00A3A6A9 /* LittleGreen */,
			);
		};
/* End PBXProject section */

/* Begin PBXResourcesBuildPhase section */
		1243AD6D2952F00E00A3A6A9 /* Resources */ = {
			isa = PBXResourcesBuildPhase;
			buildActionMask = 2147483647;
			files = (
				1243AD822952F00F00A3A6A9 /* LaunchScreen.storyboard in Resources */,
				1243AD7F2952F00F00A3A6A9 /* Assets.xcassets in Resources */,
				1243AD7A2952F00E00A3A6A9 /* Main.storyboard in Resources */,
			);
			runOnlyForDeploymentPostprocessing = 0;
		};
/* End PBXResourcesBuildPhase section */

/* Begin PBXShellScriptBuildPhase section */
		13760C71AA8849E62D8C4183 /* [CP] Check Pods Manifest.lock */ = {
			isa = PBXShellScriptBuildPhase;
			buildActionMask = 2147483647;
			files = (
			);
			inputFileListPaths = (
			);
			inputPaths = (
				"${PODS_PODFILE_DIR_PATH}/Podfile.lock",
				"${PODS_ROOT}/Manifest.lock",
			);
			name = "[CP] Check Pods Manifest.lock";
			outputFileListPaths = (
			);
			outputPaths = (
				"$(DERIVED_FILE_DIR)/Pods-LittleGreen-checkManifestLockResult.txt",
			);
			runOnlyForDeploymentPostprocessing = 0;
			shellPath = /bin/sh;
			shellScript = "diff \"${PODS_PODFILE_DIR_PATH}/Podfile.lock\" \"${PODS_ROOT}/Manifest.lock\" > /dev/null\nif [ $? != 0 ] ; then\n    # print error to STDERR\n    echo \"error: The sandbox is not in sync with the Podfile.lock. Run 'pod install' or update your CocoaPods installation.\" >&2\n    exit 1\nfi\n# This output is used by Xcode 'outputs' to avoid re-running this script phase.\necho \"SUCCESS\" > \"${SCRIPT_OUTPUT_FILE_0}\"\n";
			showEnvVarsInLog = 0;
		};
		F2B8FC89E8B73023F777C8AF /* [CP] Embed Pods Frameworks */ = {
			isa = PBXShellScriptBuildPhase;
			buildActionMask = 2147483647;
			files = (
			);
			inputFileListPaths = (
				"${PODS_ROOT}/Target Support Files/Pods-LittleGreen/Pods-LittleGreen-frameworks-${CONFIGURATION}-input-files.xcfilelist",
			);
			name = "[CP] Embed Pods Frameworks";
			outputFileListPaths = (
				"${PODS_ROOT}/Target Support Files/Pods-LittleGreen/Pods-LittleGreen-frameworks-${CONFIGURATION}-output-files.xcfilelist",
			);
			runOnlyForDeploymentPostprocessing = 0;
			shellPath = /bin/sh;
			shellScript = "\"${PODS_ROOT}/Target Support Files/Pods-LittleGreen/Pods-LittleGreen-frameworks.sh\"\n";
			showEnvVarsInLog = 0;
		};
/* End PBXShellScriptBuildPhase section */

/* Begin PBXSourcesBuildPhase section */
		1243AD6B2952F00E00A3A6A9 /* Sources */ = {
			isa = PBXSourcesBuildPhase;
			buildActionMask = 2147483647;
			files = (
				1243AD772952F00E00A3A6A9 /* ViewController.swift in Sources */,
				1243AD732952F00E00A3A6A9 /* AppDelegate.swift in Sources */,
				1243AD752952F00E00A3A6A9 /* SceneDelegate.swift in Sources */,
				1243AD7D2952F00E00A3A6A9 /* LittleGreen.xcdatamodeld in Sources */,
			);
			runOnlyForDeploymentPostprocessing = 0;
		};
/* End PBXSourcesBuildPhase section */

/* Begin PBXVariantGroup section */
		1243AD782952F00E00A3A6A9 /* Main.storyboard */ = {
			isa = PBXVariantGroup;
			children = (
				1243AD792952F00E00A3A6A9 /* Base */,
			);
			name = Main.storyboard;
			sourceTree = "<group>";
		};
		1243AD802952F00F00A3A6A9 /* LaunchScreen.storyboard */ = {
			isa = PBXVariantGroup;
			children = (
				1243AD812952F00F00A3A6A9 /* Base */,
			);
			name = LaunchScreen.storyboard;
			sourceTree = "<group>";
		};
/* End PBXVariantGroup section */

/* Begin XCBuildConfiguration section */
		1243AD842952F00F00A3A6A9 /* Debug */ = {
			isa = XCBuildConfiguration;
			buildSettings = {
				ALWAYS_SEARCH_USER_PATHS = NO;
				CLANG_ANALYZER_NONNULL = YES;
				CLANG_ANALYZER_NUMBER_OBJECT_CONVERSION = YES_AGGRESSIVE;
				CLANG_CXX_LANGUAGE_STANDARD = "gnu++20";
				CLANG_ENABLE_MODULES = YES;
				CLANG_ENABLE_OBJC_ARC = YES;
				CLANG_ENABLE_OBJC_WEAK = YES;
				CLANG_WARN_BLOCK_CAPTURE_AUTORELEASING = YES;
				CLANG_WARN_BOOL_CONVERSION = YES;
				CLANG_WARN_COMMA = YES;
				CLANG_WARN_CONSTANT_CONVERSION = YES;
				CLANG_WARN_DEPRECATED_OBJC_IMPLEMENTATIONS = YES;
				CLANG_WARN_DIRECT_OBJC_ISA_USAGE = YES_ERROR;
				CLANG_WARN_DOCUMENTATION_COMMENTS = YES;
				CLANG_WARN_EMPTY_BODY = YES;
				CLANG_WARN_ENUM_CONVERSION = YES;
				CLANG_WARN_INFINITE_RECURSION = YES;
				CLANG_WARN_INT_CONVERSION = YES;
				CLANG_WARN_NON_LITERAL_NULL_CONVERSION = YES;
				CLANG_WARN_OBJC_IMPLICIT_RETAIN_SELF = YES;
				CLANG_WARN_OBJC_LITERAL_CONVERSION = YES;
				CLANG_WARN_OBJC_ROOT_CLASS = YES_ERROR;
				CLANG_WARN_QUOTED_INCLUDE_IN_FRAMEWORK_HEADER = YES;
				CLANG_WARN_RANGE_LOOP_ANALYSIS = YES;
				CLANG_WARN_STRICT_PROTOTYPES = YES;
				CLANG_WARN_SUSPICIOUS_MOVE = YES;
				CLANG_WARN_UNGUARDED_AVAILABILITY = YES_AGGRESSIVE;
				CLANG_WARN_UNREACHABLE_CODE = YES;
				CLANG_WARN__DUPLICATE_METHOD_MATCH = YES;
				COPY_PHASE_STRIP = NO;
				DEBUG_INFORMATION_FORMAT = dwarf;
				ENABLE_STRICT_OBJC_MSGSEND = YES;
				ENABLE_TESTABILITY = YES;
				GCC_C_LANGUAGE_STANDARD = gnu11;
				GCC_DYNAMIC_NO_PIC = NO;
				GCC_NO_COMMON_BLOCKS = YES;
				GCC_OPTIMIZATION_LEVEL = 0;
				GCC_PREPROCESSOR_DEFINITIONS = (
					"DEBUG=1",
					"$(inherited)",
				);
				GCC_WARN_64_TO_32_BIT_CONVERSION = YES;
				GCC_WARN_ABOUT_RETURN_TYPE = YES_ERROR;
				GCC_WARN_UNDECLARED_SELECTOR = YES;
				GCC_WARN_UNINITIALIZED_AUTOS = YES_AGGRESSIVE;
				GCC_WARN_UNUSED_FUNCTION = YES;
				GCC_WARN_UNUSED_VARIABLE = YES;
				IPHONEOS_DEPLOYMENT_TARGET = 16.2;
				MTL_ENABLE_DEBUG_INFO = INCLUDE_SOURCE;
				MTL_FAST_MATH = YES;
				ONLY_ACTIVE_ARCH = YES;
				SDKROOT = iphoneos;
				SWIFT_ACTIVE_COMPILATION_CONDITIONS = DEBUG;
				SWIFT_OPTIMIZATION_LEVEL = "-Onone";
			};
			name = Debug;
		};
		1243AD852952F00F00A3A6A9 /* Release */ = {
			isa = XCBuildConfiguration;
			buildSettings = {
				ALWAYS_SEARCH_USER_PATHS = NO;
				CLANG_ANALYZER_NONNULL = YES;
				CLANG_ANALYZER_NUMBER_OBJECT_CONVERSION = YES_AGGRESSIVE;
				CLANG_CXX_LANGUAGE_STANDARD = "gnu++20";
				CLANG_ENABLE_MODULES = YES;
				CLANG_ENABLE_OBJC_ARC = YES;
				CLANG_ENABLE_OBJC_WEAK = YES;
				CLANG_WARN_BLOCK_CAPTURE_AUTORELEASING = YES;
				CLANG_WARN_BOOL_CONVERSION = YES;
				CLANG_WARN_COMMA = YES;
				CLANG_WARN_CONSTANT_CONVERSION = YES;
				CLANG_WARN_DEPRECATED_OBJC_IMPLEMENTATIONS = YES;
				CLANG_WARN_DIRECT_OBJC_ISA_USAGE = YES_ERROR;
				CLANG_WARN_DOCUMENTATION_COMMENTS = YES;
				CLANG_WARN_EMPTY_BODY = YES;
				CLANG_WARN_ENUM_CONVERSION = YES;
				CLANG_WARN_INFINITE_RECURSION = YES;
				CLANG_WARN_INT_CONVERSION = YES;
				CLANG_WARN_NON_LITERAL_NULL_CONVERSION = YES;
				CLANG_WARN_OBJC_IMPLICIT_RETAIN_SELF = YES;
				CLANG_WARN_OBJC_LITERAL_CONVERSION = YES;
				CLANG_WARN_OBJC_ROOT_CLASS = YES_ERROR;
				CLANG_WARN_QUOTED_INCLUDE_IN_FRAMEWORK_HEADER = YES;
				CLANG_WARN_RANGE_LOOP_ANALYSIS = YES;
				CLANG_WARN_STRICT_PROTOTYPES = YES;
				CLANG_WARN_SUSPICIOUS_MOVE = YES;
				CLANG_WARN_UNGUARDED_AVAILABILITY = YES_AGGRESSIVE;
				CLANG_WARN_UNREACHABLE_CODE = YES;
				CLANG_WARN__DUPLICATE_METHOD_MATCH = YES;
				COPY_PHASE_STRIP = NO;
				DEBUG_INFORMATION_FORMAT = "dwarf-with-dsym";
				ENABLE_NS_ASSERTIONS = NO;
				ENABLE_STRICT_OBJC_MSGSEND = YES;
				GCC_C_LANGUAGE_STANDARD = gnu11;
				GCC_NO_COMMON_BLOCKS = YES;
				GCC_WARN_64_TO_32_BIT_CONVERSION = YES;
				GCC_WARN_ABOUT_RETURN_TYPE = YES_ERROR;
				GCC_WARN_UNDECLARED_SELECTOR = YES;
				GCC_WARN_UNINITIALIZED_AUTOS = YES_AGGRESSIVE;
				GCC_WARN_UNUSED_FUNCTION = YES;
				GCC_WARN_UNUSED_VARIABLE = YES;
				IPHONEOS_DEPLOYMENT_TARGET = 16.2;
				MTL_ENABLE_DEBUG_INFO = NO;
				MTL_FAST_MATH = YES;
				SDKROOT = iphoneos;
				SWIFT_COMPILATION_MODE = wholemodule;
				SWIFT_OPTIMIZATION_LEVEL = "-O";
				VALIDATE_PRODUCT = YES;
			};
			name = Release;
		};
		1243AD872952F00F00A3A6A9 /* Debug */ = {
			isa = XCBuildConfiguration;
			baseConfigurationReference = 883A5B31F7A680A2D6A3032E /* Pods-LittleGreen.debug.xcconfig */;
			buildSettings = {
				ASSETCATALOG_COMPILER_APPICON_NAME = AppIcon;
				ASSETCATALOG_COMPILER_GLOBAL_ACCENT_COLOR_NAME = AccentColor;
				CODE_SIGN_STYLE = Automatic;
				CURRENT_PROJECT_VERSION = 1;
				DEVELOPMENT_TEAM = UHD85B9V34;
				GENERATE_INFOPLIST_FILE = YES;
				INFOPLIST_FILE = LittleGreen/Info.plist;
				INFOPLIST_KEY_CFBundleDisplayName = "小绿书";
				INFOPLIST_KEY_UIApplicationSupportsIndirectInputEvents = YES;
				INFOPLIST_KEY_UILaunchStoryboardName = LaunchScreen.storyboar;
				INFOPLIST_KEY_UIMainStoryboardFile = Main;
				INFOPLIST_KEY_UISupportedInterfaceOrientations = UIInterfaceOrientationPortrait;
				INFOPLIST_KEY_UISupportedInterfaceOrientations_iPad = "UIInterfaceOrientationLandscapeLeft UIInterfaceOrientationLandscapeRight UIInterfaceOrientationPortrait UIInterfaceOrientationPortraitUpsideDown";
				IPHONEOS_DEPLOYMENT_TARGET = 16.2;
				LD_RUNPATH_SEARCH_PATHS = (
					"$(inherited)",
					"@executable_path/Frameworks",
				);
				MARKETING_VERSION = 1.0;
				PRODUCT_BUNDLE_IDENTIFIER = com.xiaogua.LittleGreen;
				PRODUCT_NAME = "$(TARGET_NAME)";
				SUPPORTED_PLATFORMS = "iphoneos iphonesimulator";
				SUPPORTS_MACCATALYST = NO;
				SUPPORTS_MAC_DESIGNED_FOR_IPHONE_IPAD = NO;
				SWIFT_EMIT_LOC_STRINGS = YES;
				SWIFT_VERSION = 5.0;
				TARGETED_DEVICE_FAMILY = 1;
			};
			name = Debug;
		};
		1243AD882952F00F00A3A6A9 /* Release */ = {
			isa = XCBuildConfiguration;
			baseConfigurationReference = D8AF0EF3549A850BC22AE449 /* Pods-LittleGreen.release.xcconfig */;
			buildSettings = {
				ASSETCATALOG_COMPILER_APPICON_NAME = AppIcon;
				ASSETCATALOG_COMPILER_GLOBAL_ACCENT_COLOR_NAME = AccentColor;
				CODE_SIGN_STYLE = Automatic;
				CURRENT_PROJECT_VERSION = 1;
				DEVELOPMENT_TEAM = UHD85B9V34;
				GENERATE_INFOPLIST_FILE = YES;
				INFOPLIST_FILE = LittleGreen/Info.plist;
				INFOPLIST_KEY_CFBundleDisplayName = "小绿书";
				INFOPLIST_KEY_UIApplicationSupportsIndirectInputEvents = YES;
				INFOPLIST_KEY_UILaunchStoryboardName = LaunchScreen.storyboar;
				INFOPLIST_KEY_UIMainStoryboardFile = Main;
				INFOPLIST_KEY_UISupportedInterfaceOrientations = UIInterfaceOrientationPortrait;
				INFOPLIST_KEY_UISupportedInterfaceOrientations_iPad = "UIInterfaceOrientationLandscapeLeft UIInterfaceOrientationLandscapeRight UIInterfaceOrientationPortrait UIInterfaceOrientationPortraitUpsideDown";
				IPHONEOS_DEPLOYMENT_TARGET = 16.2;
				LD_RUNPATH_SEARCH_PATHS = (
					"$(inherited)",
					"@executable_path/Frameworks",
				);
				MARKETING_VERSION = 1.0;
				PRODUCT_BUNDLE_IDENTIFIER = com.xiaogua.LittleGreen;
				PRODUCT_NAME = "$(TARGET_NAME)";
				SUPPORTED_PLATFORMS = "iphoneos iphonesimulator";
				SUPPORTS_MACCATALYST = NO;
				SUPPORTS_MAC_DESIGNED_FOR_IPHONE_IPAD = NO;
				SWIFT_EMIT_LOC_STRINGS = YES;
				SWIFT_VERSION = 5.0;
				TARGETED_DEVICE_FAMILY = 1;
			};
			name = Release;
		};
/* End XCBuildConfiguration section */

/* Begin XCConfigurationList section */
		1243AD6A2952F00E00A3A6A9 /* Build configuration list for PBXProject "LittleGreen" */ = {
			isa = XCConfigurationList;
			buildConfigurations = (
				1243AD842952F00F00A3A6A9 /* Debug */,
				1243AD852952F00F00A3A6A9 /* Release */,
			);
			defaultConfigurationIsVisible = 0;
			defaultConfigurationName = Release;
		};
		1243AD862952F00F00A3A6A9 /* Build configuration list for PBXNativeTarget "LittleGreen" */ = {
			isa = XCConfigurationList;
			buildConfigurations = (
				1243AD872952F00F00A3A6A9 /* Debug */,
				1243AD882952F00F00A3A6A9 /* Release */,
			);
			defaultConfigurationIsVisible = 0;
			defaultConfigurationName = Release;
		};
/* End XCConfigurationList section */

/* Begin XCVersionGroup section */
		1243AD7B2952F00E00A3A6A9 /* LittleGreen.xcdatamodeld */ = {
			isa = XCVersionGroup;
			children = (
				1243AD7C2952F00E00A3A6A9 /* LittleGreen.xcdatamodel */,
			);
			currentVersion = 1243AD7C2952F00E00A3A6A9 /* LittleGreen.xcdatamodel */;
			path = LittleGreen.xcdatamodeld;
			sourceTree = "<group>";
			versionGroupType = wrapper.xcdatamodel;
		};
/* End XCVersionGroup section */
	};
	rootObject = 1243AD672952F00E00A3A6A9 /* Project object */;
}
